
Microsoft Visual Studio Solution File, Format Version 12.00
# Visual Studio Version 17
VisualStudioVersion = 17.2.32526.322
MinimumVisualStudioVersion = 10.0.40219.1
Project("{FAE04EC0-301F-11D3-BF4B-00C04F79EFBC}") = "Dictionary ENG", "Dictionary ENG\Dictionary ENG.csproj", "{B5F6DDF3-0DB3-4496-BC0E-E7F52CF86F47}"
EndProject
Global
	GlobalSection(SolutionConfigurationPlatforms) = preSolution
		Debug|Any CPU = Debug|Any CPU
		Release|Any CPU = Release|Any CPU
	EndGlobalSection
	GlobalSection(ProjectConfigurationPlatforms) = postSolution
		{B5F6DDF3-0DB3-4496-BC0E-E7F52CF86F47}.Debug|Any CPU.ActiveCfg = Debug|Any CPU
		{B5F6DDF3-0DB3-4496-BC0E-E7F52CF86F47}.Debug|Any CPU.Build.0 = Debug|Any CPU
		{B5F6DDF3-0DB3-4496-BC0E-E7F52CF86F47}.Release|Any CPU.ActiveCfg = Release|Any CPU
		{B5F6DDF3-0DB3-4496-BC0E-E7F52CF86F47}.Release|Any CPU.Build.0 = Release|Any CPU
	EndGlobalSection
	GlobalSection(SolutionProperties) = preSolution
		HideSolutionNode = FALSE
	EndGlobalSection
	GlobalSection(ExtensibilityGlobals) = postSolution
		SolutionGuid = {0CDF6E15-7813-4E48-B267-2A04527F9FF2}
	EndGlobalSection
EndGlobal
